// !$*UTF8*$!
{
	archiveVersion = 1;
	classes = {
	};
	objectVersion = 46;
	objects = {

/* Begin PBXBuildFile section */
		0979B4BEDE818C66DC851395 /* AppDelegate.swift in Sources */ = {isa = PBXBuildFile; fileRef = BA675CCDCD3BF53C64512F27 /* AppDelegate.swift */; };
		740E9A452191C3FE04385F3A /* Pods_MovileProject.framework in Frameworks */ = {isa = PBXBuildFile; fileRef = ACFBE77A111D70C46A1843F6 /* Pods_MovileProject.framework */; settings = {ATTRIBUTES = (Weak, ); }; };
		75382CFCF8250B8A9FF010E0 /* Foundation.framework in Frameworks */ = {isa = PBXBuildFile; fileRef = 52C8CAA8F2873B034231212E /* Foundation.framework */; };
		814292CF1B56EA6B00902F7A /* CustomNavigationController.swift in Sources */ = {isa = PBXBuildFile; fileRef = 814292CE1B56EA6B00902F7A /* CustomNavigationController.swift */; };
		8148E6991B582DD9002A8C83 /* EpisodeDetailsViewController.swift in Sources */ = {isa = PBXBuildFile; fileRef = 8148E6981B582DD9002A8C83 /* EpisodeDetailsViewController.swift */; };
		8148E69F1B5838B7002A8C83 /* EpisodesListViewController.swift in Sources */ = {isa = PBXBuildFile; fileRef = 8148E69E1B5838B7002A8C83 /* EpisodesListViewController.swift */; };
		8148E6A11B5843F3002A8C83 /* CellTableViewCell.swift in Sources */ = {isa = PBXBuildFile; fileRef = 8148E6A01B5843F3002A8C83 /* CellTableViewCell.swift */; };
		8148E6A31B58470D002A8C83 /* Episode.swift in Sources */ = {isa = PBXBuildFile; fileRef = 8148E6A21B58470D002A8C83 /* Episode.swift */; };
		814DDC0A1B59746B0086A57B /* ShowsCollectionViewController.swift in Sources */ = {isa = PBXBuildFile; fileRef = 814DDC091B59746B0086A57B /* ShowsCollectionViewController.swift */; };
		814DDC0C1B5980EA0086A57B /* Serie.swift in Sources */ = {isa = PBXBuildFile; fileRef = 814DDC0B1B5980EA0086A57B /* Serie.swift */; };
		814DDC121B5988730086A57B /* SeriesCollectionViewCell.swift in Sources */ = {isa = PBXBuildFile; fileRef = 814DDC111B5988730086A57B /* SeriesCollectionViewCell.swift */; };
		A2AE65B67E746A58215B4755 /* Main.storyboard in Sources */ = {isa = PBXBuildFile; fileRef = 268BAB02CBF572DE3BB3357E /* Main.storyboard */; };
		AF21D621DC9C9BB34BF22D01 /* LaunchScreen.xib in Sources */ = {isa = PBXBuildFile; fileRef = BC71EA390B91FA74F508666B /* LaunchScreen.xib */; };
		CB9D3CC2F1042202B95116B4 /* Images.xcassets in Resources */ = {isa = PBXBuildFile; fileRef = 67CA4A0039672E184DB86B19 /* Images.xcassets */; };
		F186146D7EB2EE4CCD0D45F5 /* Storyboards.swift in Sources */ = {isa = PBXBuildFile; fileRef = D9F712716F499B48194E9836 /* Storyboards.swift */; };
		F93739FACD2F78458BA1EE15 /* Pods_unit_tests.framework in Frameworks */ = {isa = PBXBuildFile; fileRef = 19B4116B4142DD67BF589F31 /* Pods_unit_tests.framework */; settings = {ATTRIBUTES = (Weak, ); }; };
/* End PBXBuildFile section */

/* Begin PBXContainerItemProxy section */
		827391B50C5D9BFA55D9281C /* PBXContainerItemProxy */ = {
			isa = PBXContainerItemProxy;
			containerPortal = 3DCC0D9F5AF3BA0B5500B766 /* Project object */;
			proxyType = 1;
			remoteGlobalIDString = 31BFA2FDD17E1B1BCAEE348B;
			remoteInfo = MovileProject;
		};
/* End PBXContainerItemProxy section */

/* Begin PBXFileReference section */
		140419B099542D42C2225688 /* Pods-unit_tests.release.xcconfig */ = {isa = PBXFileReference; includeInIndex = 1; lastKnownFileType = text.xcconfig; name = "Pods-unit_tests.release.xcconfig"; path = "Pods/Target Support Files/Pods-unit_tests/Pods-unit_tests.release.xcconfig"; sourceTree = "<group>"; };
		19B4116B4142DD67BF589F31 /* Pods_unit_tests.framework */ = {isa = PBXFileReference; explicitFileType = wrapper.framework; includeInIndex = 0; path = Pods_unit_tests.framework; sourceTree = BUILT_PRODUCTS_DIR; };
		268BAB02CBF572DE3BB3357E /* Main.storyboard */ = {isa = PBXFileReference; includeInIndex = 1; lastKnownFileType = file.storyboard; path = Main.storyboard; sourceTree = "<group>"; };
		352F9EEAFB387881A7907A14 /* Pods-MovileProject.debug.xcconfig */ = {isa = PBXFileReference; includeInIndex = 1; lastKnownFileType = text.xcconfig; name = "Pods-MovileProject.debug.xcconfig"; path = "Pods/Target Support Files/Pods-MovileProject/Pods-MovileProject.debug.xcconfig"; sourceTree = "<group>"; };
		3E418479225A617B01205203 /* Info.plist */ = {isa = PBXFileReference; includeInIndex = 1; lastKnownFileType = text.plist.xml; path = Info.plist; sourceTree = "<group>"; };
		4170B3DD6FD1278D9F1245DA /* Pods-MovileProject.release.xcconfig */ = {isa = PBXFileReference; includeInIndex = 1; lastKnownFileType = text.xcconfig; name = "Pods-MovileProject.release.xcconfig"; path = "Pods/Target Support Files/Pods-MovileProject/Pods-MovileProject.release.xcconfig"; sourceTree = "<group>"; };
		437A841C10B5BD69E83F1911 /* MovileProject.app */ = {isa = PBXFileReference; explicitFileType = wrapper.application; includeInIndex = 0; path = MovileProject.app; sourceTree = BUILT_PRODUCTS_DIR; };
		52C8CAA8F2873B034231212E /* Foundation.framework */ = {isa = PBXFileReference; lastKnownFileType = wrapper.framework; name = Foundation.framework; path = Platforms/iPhoneOS.platform/Developer/SDKs/iPhoneOS7.1.sdk/System/Library/Frameworks/Foundation.framework; sourceTree = DEVELOPER_DIR; };
		67CA4A0039672E184DB86B19 /* Images.xcassets */ = {isa = PBXFileReference; includeInIndex = 1; lastKnownFileType = folder.assetcatalog; path = Images.xcassets; sourceTree = "<group>"; };
		814292CE1B56EA6B00902F7A /* CustomNavigationController.swift */ = {isa = PBXFileReference; fileEncoding = 4; lastKnownFileType = sourcecode.swift; path = CustomNavigationController.swift; sourceTree = "<group>"; };
		8148E6981B582DD9002A8C83 /* EpisodeDetailsViewController.swift */ = {isa = PBXFileReference; fileEncoding = 4; lastKnownFileType = sourcecode.swift; path = EpisodeDetailsViewController.swift; sourceTree = "<group>"; };
		8148E69E1B5838B7002A8C83 /* EpisodesListViewController.swift */ = {isa = PBXFileReference; fileEncoding = 4; lastKnownFileType = sourcecode.swift; path = EpisodesListViewController.swift; sourceTree = "<group>"; };
		8148E6A01B5843F3002A8C83 /* CellTableViewCell.swift */ = {isa = PBXFileReference; fileEncoding = 4; lastKnownFileType = sourcecode.swift; path = CellTableViewCell.swift; sourceTree = "<group>"; };
		8148E6A21B58470D002A8C83 /* Episode.swift */ = {isa = PBXFileReference; fileEncoding = 4; lastKnownFileType = sourcecode.swift; path = Episode.swift; sourceTree = "<group>"; };
		814DDC091B59746B0086A57B /* ShowsCollectionViewController.swift */ = {isa = PBXFileReference; fileEncoding = 4; lastKnownFileType = sourcecode.swift; path = ShowsCollectionViewController.swift; sourceTree = "<group>"; };
		814DDC0B1B5980EA0086A57B /* Serie.swift */ = {isa = PBXFileReference; fileEncoding = 4; lastKnownFileType = sourcecode.swift; path = Serie.swift; sourceTree = "<group>"; };
		814DDC111B5988730086A57B /* SeriesCollectionViewCell.swift */ = {isa = PBXFileReference; fileEncoding = 4; lastKnownFileType = sourcecode.swift; path = SeriesCollectionViewCell.swift; sourceTree = "<group>"; };
		89A7E65335B1D37A6ABC32CB /* UnitTests.xctest */ = {isa = PBXFileReference; explicitFileType = wrapper.cfbundle; includeInIndex = 0; path = UnitTests.xctest; sourceTree = BUILT_PRODUCTS_DIR; };
		95056266713F41CDBE0DCE2B /* Pods-unit_tests.debug.xcconfig */ = {isa = PBXFileReference; includeInIndex = 1; lastKnownFileType = text.xcconfig; name = "Pods-unit_tests.debug.xcconfig"; path = "Pods/Target Support Files/Pods-unit_tests/Pods-unit_tests.debug.xcconfig"; sourceTree = "<group>"; };
		AAB12462A931DE2CDA869740 /* UnitTests-Info.plist */ = {isa = PBXFileReference; includeInIndex = 1; lastKnownFileType = text.plist.xml; path = "UnitTests-Info.plist"; sourceTree = "<group>"; };
		ACFBE77A111D70C46A1843F6 /* Pods_MovileProject.framework */ = {isa = PBXFileReference; explicitFileType = wrapper.framework; includeInIndex = 0; path = Pods_MovileProject.framework; sourceTree = BUILT_PRODUCTS_DIR; };
		BA675CCDCD3BF53C64512F27 /* AppDelegate.swift */ = {isa = PBXFileReference; includeInIndex = 1; lastKnownFileType = sourcecode.swift; path = AppDelegate.swift; sourceTree = "<group>"; };
		BC71EA390B91FA74F508666B /* LaunchScreen.xib */ = {isa = PBXFileReference; includeInIndex = 1; lastKnownFileType = file.xib; path = LaunchScreen.xib; sourceTree = "<group>"; };
		D9F712716F499B48194E9836 /* Storyboards.swift */ = {isa = PBXFileReference; includeInIndex = 1; lastKnownFileType = sourcecode.swift; path = Storyboards.swift; sourceTree = "<group>"; };
/* End PBXFileReference section */

/* Begin PBXFrameworksBuildPhase section */
		97FB41229B66ED8D67F981B9 /* Frameworks */ = {
			isa = PBXFrameworksBuildPhase;
			buildActionMask = 2147483647;
			files = (
				75382CFCF8250B8A9FF010E0 /* Foundation.framework in Frameworks */,
				740E9A452191C3FE04385F3A /* Pods_MovileProject.framework in Frameworks */,
			);
			runOnlyForDeploymentPostprocessing = 0;
		};
		D433ACFBD06F8EE579F5D6E4 /* Frameworks */ = {
			isa = PBXFrameworksBuildPhase;
			buildActionMask = 2147483647;
			files = (
				F93739FACD2F78458BA1EE15 /* Pods_unit_tests.framework in Frameworks */,
			);
			runOnlyForDeploymentPostprocessing = 0;
		};
/* End PBXFrameworksBuildPhase section */

/* Begin PBXGroup section */
		0C6CB267109FD939E7373C1C /* Controllers */ = {
			isa = PBXGroup;
			children = (
				BA675CCDCD3BF53C64512F27 /* AppDelegate.swift */,
				D9F712716F499B48194E9836 /* Storyboards.swift */,
			);
			path = Controllers;
			sourceTree = "<group>";
		};
		1EE5D4A9AD02D605C469E903 /* Helpers */ = {
			isa = PBXGroup;
			children = (
			);
			path = Helpers;
			sourceTree = "<group>";
		};
		2C2C33FBD320222A6DEB8DEA /* Frameworks */ = {
			isa = PBXGroup;
			children = (
				716C62CD7095C2764BBE2C1E /* iOS */,
				19B4116B4142DD67BF589F31 /* Pods_unit_tests.framework */,
				ACFBE77A111D70C46A1843F6 /* Pods_MovileProject.framework */,
			);
			name = Frameworks;
			sourceTree = "<group>";
		};
		331CB26C1B53702FE8CD7D24 /* ViewControllers */ = {
			isa = PBXGroup;
			children = (
				814292CE1B56EA6B00902F7A /* CustomNavigationController.swift */,
				8148E6981B582DD9002A8C83 /* EpisodeDetailsViewController.swift */,
				8148E69E1B5838B7002A8C83 /* EpisodesListViewController.swift */,
				8148E6A01B5843F3002A8C83 /* CellTableViewCell.swift */,
				814DDC091B59746B0086A57B /* ShowsCollectionViewController.swift */,
				814DDC111B5988730086A57B /* SeriesCollectionViewCell.swift */,
			);
			path = ViewControllers;
			sourceTree = "<group>";
		};
		4E452F84157AF321FAF8E101 /* Tests */ = {
			isa = PBXGroup;
			children = (
			);
			path = Tests;
			sourceTree = "<group>";
		};
		5CCDDC3E59CB1C9CB3C5A8FC /* Resources */ = {
			isa = PBXGroup;
			children = (
				67CA4A0039672E184DB86B19 /* Images.xcassets */,
				BA63A6D496C08D429D5AA8AF /* Storyboards */,
				79F3AA9BA213C024DADB9FD8 /* Nibs */,
				81C31A93F8955CB8858F1CA9 /* Other-Sources */,
			);
			path = Resources;
			sourceTree = "<group>";
		};
		5EF9B1742505BAA111B9B86F = {
			isa = PBXGroup;
			children = (
				E2AC6C0ED77395742CB45F1F /* MovileProject */,
				C12D92DD624DFBCA4C79669F /* UnitTests */,
				2C2C33FBD320222A6DEB8DEA /* Frameworks */,
				98858E5E4447A41E2FE21076 /* Products */,
				8024EDBB03BF7A222D559002 /* Pods */,
			);
			indentWidth = 4;
			sourceTree = "<group>";
			tabWidth = 4;
			usesTabs = 0;
		};
		716C62CD7095C2764BBE2C1E /* iOS */ = {
			isa = PBXGroup;
			children = (
				52C8CAA8F2873B034231212E /* Foundation.framework */,
			);
			name = iOS;
			sourceTree = "<group>";
		};
		79F3AA9BA213C024DADB9FD8 /* Nibs */ = {
			isa = PBXGroup;
			children = (
				BC71EA390B91FA74F508666B /* LaunchScreen.xib */,
			);
			path = Nibs;
			sourceTree = "<group>";
		};
		8024EDBB03BF7A222D559002 /* Pods */ = {
			isa = PBXGroup;
			children = (
				140419B099542D42C2225688 /* Pods-unit_tests.release.xcconfig */,
				95056266713F41CDBE0DCE2B /* Pods-unit_tests.debug.xcconfig */,
				4170B3DD6FD1278D9F1245DA /* Pods-MovileProject.release.xcconfig */,
				352F9EEAFB387881A7907A14 /* Pods-MovileProject.debug.xcconfig */,
			);
			name = Pods;
			sourceTree = "<group>";
		};
		81C31A93F8955CB8858F1CA9 /* Other-Sources */ = {
			isa = PBXGroup;
			children = (
				3E418479225A617B01205203 /* Info.plist */,
			);
			path = "Other-Sources";
			sourceTree = "<group>";
		};
		83D44DF81D3A3D806B164684 /* Views */ = {
			isa = PBXGroup;
			children = (
			);
			path = Views;
			sourceTree = "<group>";
		};
		98858E5E4447A41E2FE21076 /* Products */ = {
			isa = PBXGroup;
			children = (
				437A841C10B5BD69E83F1911 /* MovileProject.app */,
				89A7E65335B1D37A6ABC32CB /* UnitTests.xctest */,
			);
			name = Products;
			sourceTree = "<group>";
		};
		9B7D58804A97F7561505606C /* Extensions */ = {
			isa = PBXGroup;
			children = (
			);
			path = Extensions;
			sourceTree = "<group>";
		};
		B4F8127E32BC7078C71991F1 /* Protocols */ = {
			isa = PBXGroup;
			children = (
			);
			path = Protocols;
			sourceTree = "<group>";
		};
		BA63A6D496C08D429D5AA8AF /* Storyboards */ = {
			isa = PBXGroup;
			children = (
				268BAB02CBF572DE3BB3357E /* Main.storyboard */,
			);
			path = Storyboards;
			sourceTree = "<group>";
		};
		BDE6262CC08CD6A8612E1207 /* Resources */ = {
			isa = PBXGroup;
			children = (
				AAB12462A931DE2CDA869740 /* UnitTests-Info.plist */,
			);
			path = Resources;
			sourceTree = "<group>";
		};
		C12D92DD624DFBCA4C79669F /* UnitTests */ = {
			isa = PBXGroup;
			children = (
				BDE6262CC08CD6A8612E1207 /* Resources */,
				1EE5D4A9AD02D605C469E903 /* Helpers */,
				4E452F84157AF321FAF8E101 /* Tests */,
			);
			path = UnitTests;
			sourceTree = "<group>";
		};
		D8DE972C174C229CB9BBB954 /* Models */ = {
			isa = PBXGroup;
			children = (
				8148E6A21B58470D002A8C83 /* Episode.swift */,
				814DDC0B1B5980EA0086A57B /* Serie.swift */,
			);
			path = Models;
			sourceTree = "<group>";
		};
		E2AC6C0ED77395742CB45F1F /* MovileProject */ = {
			isa = PBXGroup;
			children = (
				9B7D58804A97F7561505606C /* Extensions */,
				B4F8127E32BC7078C71991F1 /* Protocols */,
				D8DE972C174C229CB9BBB954 /* Models */,
				331CB26C1B53702FE8CD7D24 /* ViewControllers */,
				0C6CB267109FD939E7373C1C /* Controllers */,
				83D44DF81D3A3D806B164684 /* Views */,
				5CCDDC3E59CB1C9CB3C5A8FC /* Resources */,
			);
			path = MovileProject;
			sourceTree = "<group>";
		};
/* End PBXGroup section */

/* Begin PBXNativeTarget section */
		31BFA2FDD17E1B1BCAEE348B /* MovileProject */ = {
			isa = PBXNativeTarget;
			buildConfigurationList = 4AF83221F2CB6EEA8DA64362 /* Build configuration list for PBXNativeTarget "MovileProject" */;
			buildPhases = (
				DA7DABEA9F4A841D57299A4B /* Check Pods Manifest.lock */,
				BAFBBAC57A294FD667B8EC1F /* Generate Storyboards.swift (Natalie) */,
				8685B055AF0A7E1F8F0704C9 /* Sources */,
				97FB41229B66ED8D67F981B9 /* Frameworks */,
				47460C45C39B1F4CE34FC183 /* Resources */,
				A625E6A19B87020B56115F57 /* Warn for TODO and FIXME comments */,
				EE0B357257DB42AF78664CDD /* Set version number */,
				224F36DCAACF8947F64A0A46 /* Embed Pods Frameworks */,
				1506869629FB58DFB2F4B91E /* Copy Pods Resources */,
			);
			buildRules = (
			);
			dependencies = (
			);
			name = MovileProject;
			productName = MovileProject;
			productReference = 437A841C10B5BD69E83F1911 /* MovileProject.app */;
			productType = "com.apple.product-type.application";
		};
		BD382986A6734765AFD6088E /* UnitTests */ = {
			isa = PBXNativeTarget;
			buildConfigurationList = 31B815005DDBDBCCE4C85EA5 /* Build configuration list for PBXNativeTarget "UnitTests" */;
			buildPhases = (
				8E3CB3DD7F94E1E9844A283E /* Check Pods Manifest.lock */,
				3F02892FA6C6C4FE1DE3C879 /* Sources */,
				D433ACFBD06F8EE579F5D6E4 /* Frameworks */,
				840029090881791E8381807C /* Resources */,
				F8FA764A58A03AB44C0DAA9F /* Embed Pods Frameworks */,
				6B8D5F9801A8437994209A7E /* Copy Pods Resources */,
			);
			buildRules = (
			);
			dependencies = (
				9F42D24D0531F042EE4F767D /* PBXTargetDependency */,
			);
			name = UnitTests;
			productName = UnitTests;
			productReference = 89A7E65335B1D37A6ABC32CB /* UnitTests.xctest */;
			productType = "com.apple.product-type.bundle.unit-test";
		};
/* End PBXNativeTarget section */

/* Begin PBXProject section */
		3DCC0D9F5AF3BA0B5500B766 /* Project object */ = {
			isa = PBXProject;
			attributes = {
				CLASSPREFIX = "";
				LastUpgradeCheck = 0510;
				ORGANIZATIONNAME = "";
			};
			buildConfigurationList = 7C54013994AA990AFAB28FC5 /* Build configuration list for PBXProject "MovileProject" */;
			compatibilityVersion = "Xcode 3.2";
			developmentRegion = English;
			hasScannedForEncodings = 0;
			knownRegions = (
				en,
			);
			mainGroup = 5EF9B1742505BAA111B9B86F;
			productRefGroup = 98858E5E4447A41E2FE21076 /* Products */;
			projectDirPath = "";
			projectRoot = "";
			targets = (
				31BFA2FDD17E1B1BCAEE348B /* MovileProject */,
				BD382986A6734765AFD6088E /* UnitTests */,
			);
		};
/* End PBXProject section */

/* Begin PBXResourcesBuildPhase section */
		47460C45C39B1F4CE34FC183 /* Resources */ = {
			isa = PBXResourcesBuildPhase;
			buildActionMask = 2147483647;
			files = (
				CB9D3CC2F1042202B95116B4 /* Images.xcassets in Resources */,
			);
			runOnlyForDeploymentPostprocessing = 0;
		};
		840029090881791E8381807C /* Resources */ = {
			isa = PBXResourcesBuildPhase;
			buildActionMask = 2147483647;
			files = (
			);
			runOnlyForDeploymentPostprocessing = 0;
		};
/* End PBXResourcesBuildPhase section */

/* Begin PBXShellScriptBuildPhase section */
		1506869629FB58DFB2F4B91E /* Copy Pods Resources */ = {
			isa = PBXShellScriptBuildPhase;
			buildActionMask = 2147483647;
			files = (
			);
			inputPaths = (
			);
			name = "Copy Pods Resources";
			outputPaths = (
			);
			runOnlyForDeploymentPostprocessing = 0;
			shellPath = /bin/sh;
			shellScript = "\"${SRCROOT}/Pods/Target Support Files/Pods-MovileProject/Pods-MovileProject-resources.sh\"\n";
			showEnvVarsInLog = 0;
		};
		224F36DCAACF8947F64A0A46 /* Embed Pods Frameworks */ = {
			isa = PBXShellScriptBuildPhase;
			buildActionMask = 2147483647;
			files = (
			);
			inputPaths = (
			);
			name = "Embed Pods Frameworks";
			outputPaths = (
			);
			runOnlyForDeploymentPostprocessing = 0;
			shellPath = /bin/sh;
			shellScript = "\"${SRCROOT}/Pods/Target Support Files/Pods-MovileProject/Pods-MovileProject-frameworks.sh\"\n";
			showEnvVarsInLog = 0;
		};
		6B8D5F9801A8437994209A7E /* Copy Pods Resources */ = {
			isa = PBXShellScriptBuildPhase;
			buildActionMask = 2147483647;
			files = (
			);
			inputPaths = (
			);
			name = "Copy Pods Resources";
			outputPaths = (
			);
			runOnlyForDeploymentPostprocessing = 0;
			shellPath = /bin/sh;
			shellScript = "\"${SRCROOT}/Pods/Target Support Files/Pods-unit_tests/Pods-unit_tests-resources.sh\"\n";
			showEnvVarsInLog = 0;
		};
		8E3CB3DD7F94E1E9844A283E /* Check Pods Manifest.lock */ = {
			isa = PBXShellScriptBuildPhase;
			buildActionMask = 2147483647;
			files = (
			);
			inputPaths = (
			);
			name = "Check Pods Manifest.lock";
			outputPaths = (
			);
			runOnlyForDeploymentPostprocessing = 0;
			shellPath = /bin/sh;
			shellScript = "diff \"${PODS_ROOT}/../Podfile.lock\" \"${PODS_ROOT}/Manifest.lock\" > /dev/null\nif [[ $? != 0 ]] ; then\n    cat << EOM\nerror: The sandbox is not in sync with the Podfile.lock. Run 'pod install' or update your CocoaPods installation.\nEOM\n    exit 1\nfi\n";
			showEnvVarsInLog = 0;
		};
		A625E6A19B87020B56115F57 /* Warn for TODO and FIXME comments */ = {
			isa = PBXShellScriptBuildPhase;
			buildActionMask = 2147483647;
			files = (
			);
			inputPaths = (
			);
			name = "Warn for TODO and FIXME comments";
			outputPaths = (
			);
			runOnlyForDeploymentPostprocessing = 0;
			shellPath = /bin/sh;
			shellScript = "KEYWORDS=\"TODO:|FIXME:|\\?\\?\\?:|\\!\\!\\!:\"\nFILE_EXTENSIONS=\"swift|h|m|mm|c|cpp\"\nfind -E \"${SRCROOT}\" -ipath \"${SRCROOT}/pods\" -prune -o \\( -regex \".*\\.($FILE_EXTENSIONS)$\" \\) -print0 | xargs -0 egrep --with-filename --line-number --only-matching \"($KEYWORDS).*\\$\" | perl -p -e \"s/($KEYWORDS)/ warning: \\$1/\"\n";
		};
		BAFBBAC57A294FD667B8EC1F /* Generate Storyboards.swift (Natalie) */ = {
			isa = PBXShellScriptBuildPhase;
			buildActionMask = 2147483647;
			files = (
			);
			inputPaths = (
			);
			name = "Generate Storyboards.swift (Natalie)";
			outputPaths = (
			);
			runOnlyForDeploymentPostprocessing = 0;
			shellPath = /bin/sh;
			shellScript = "/usr/local/bin/natalie.swift \"$PROJECT_DIR/$PROJECT_NAME\" > \"$PROJECT_DIR/$PROJECT_NAME/Controllers/Storyboards.swift\"\n";
		};
		DA7DABEA9F4A841D57299A4B /* Check Pods Manifest.lock */ = {
			isa = PBXShellScriptBuildPhase;
			buildActionMask = 2147483647;
			files = (
			);
			inputPaths = (
			);
			name = "Check Pods Manifest.lock";
			outputPaths = (
			);
			runOnlyForDeploymentPostprocessing = 0;
			shellPath = /bin/sh;
			shellScript = "diff \"${PODS_ROOT}/../Podfile.lock\" \"${PODS_ROOT}/Manifest.lock\" > /dev/null\nif [[ $? != 0 ]] ; then\n    cat << EOM\nerror: The sandbox is not in sync with the Podfile.lock. Run 'pod install' or update your CocoaPods installation.\nEOM\n    exit 1\nfi\n";
			showEnvVarsInLog = 0;
		};
		EE0B357257DB42AF78664CDD /* Set version number */ = {
			isa = PBXShellScriptBuildPhase;
			buildActionMask = 2147483647;
			files = (
			);
			inputPaths = (
			);
			name = "Set version number";
			outputPaths = (
			);
			runOnlyForDeploymentPostprocessing = 0;
			shellPath = /bin/sh;
			shellScript = "git=$(sh /etc/profile; which git)\ngit_release_version=$(\"$git\" describe --tags --always --abbrev=0)\nnumber_of_commits=$(\"$git\" rev-list master | wc -l | tr -d ' ')\ntarget_plist=\"$TARGET_BUILD_DIR/$INFOPLIST_PATH\"\ndsym_plist=\"$DWARF_DSYM_FOLDER_PATH/$DWARF_DSYM_FILE_NAME/Contents/Info.plist\"\n\nfor plist in \"$target_plist\" \"$dsym_plist\"; do\n  if [ -f \"$plist\" ]; then\n    /usr/libexec/PlistBuddy -c \"Set :CFBundleVersion $number_of_commits\" \"$plist\"\n    /usr/libexec/PlistBuddy -c \"Set :CFBundleShortVersionString ${git_release_version#*v}\" \"$plist\"\n  fi\ndone\n";
		};
		F8FA764A58A03AB44C0DAA9F /* Embed Pods Frameworks */ = {
			isa = PBXShellScriptBuildPhase;
			buildActionMask = 2147483647;
			files = (
			);
			inputPaths = (
			);
			name = "Embed Pods Frameworks";
			outputPaths = (
			);
			runOnlyForDeploymentPostprocessing = 0;
			shellPath = /bin/sh;
			shellScript = "\"${SRCROOT}/Pods/Target Support Files/Pods-unit_tests/Pods-unit_tests-frameworks.sh\"\n";
			showEnvVarsInLog = 0;
		};
/* End PBXShellScriptBuildPhase section */

/* Begin PBXSourcesBuildPhase section */
		3F02892FA6C6C4FE1DE3C879 /* Sources */ = {
			isa = PBXSourcesBuildPhase;
			buildActionMask = 2147483647;
			files = (
			);
			runOnlyForDeploymentPostprocessing = 0;
		};
		8685B055AF0A7E1F8F0704C9 /* Sources */ = {
			isa = PBXSourcesBuildPhase;
			buildActionMask = 2147483647;
			files = (
				0979B4BEDE818C66DC851395 /* AppDelegate.swift in Sources */,
				814292CF1B56EA6B00902F7A /* CustomNavigationController.swift in Sources */,
				F186146D7EB2EE4CCD0D45F5 /* Storyboards.swift in Sources */,
				814DDC121B5988730086A57B /* SeriesCollectionViewCell.swift in Sources */,
				814DDC0A1B59746B0086A57B /* ShowsCollectionViewController.swift in Sources */,
				A2AE65B67E746A58215B4755 /* Main.storyboard in Sources */,
				8148E69F1B5838B7002A8C83 /* EpisodesListViewController.swift in Sources */,
				814DDC0C1B5980EA0086A57B /* Serie.swift in Sources */,
				8148E6A11B5843F3002A8C83 /* CellTableViewCell.swift in Sources */,
				AF21D621DC9C9BB34BF22D01 /* LaunchScreen.xib in Sources */,
				8148E6A31B58470D002A8C83 /* Episode.swift in Sources */,
				8148E6991B582DD9002A8C83 /* EpisodeDetailsViewController.swift in Sources */,
			);
			runOnlyForDeploymentPostprocessing = 0;
		};
/* End PBXSourcesBuildPhase section */

/* Begin PBXTargetDependency section */
		9F42D24D0531F042EE4F767D /* PBXTargetDependency */ = {
			isa = PBXTargetDependency;
			target = 31BFA2FDD17E1B1BCAEE348B /* MovileProject */;
			targetProxy = 827391B50C5D9BFA55D9281C /* PBXContainerItemProxy */;
		};
/* End PBXTargetDependency section */

/* Begin XCBuildConfiguration section */
		4B5BE61256B158BAC14249D7 /* Release */ = {
			isa = XCBuildConfiguration;
			buildSettings = {
				ALWAYS_SEARCH_USER_PATHS = NO;
				ASSETCATALOG_COMPILER_APPICON_NAME = AppIcon;
				CLANG_CXX_LANGUAGE_STANDARD = "gnu++0x";
				CLANG_CXX_LIBRARY = "libc++";
				CLANG_ENABLE_MODULES = YES;
				CLANG_ENABLE_OBJC_ARC = YES;
				CLANG_WARN_BOOL_CONVERSION = YES;
				CLANG_WARN_CONSTANT_CONVERSION = YES;
				CLANG_WARN_DEPRECATED_OBJC_IMPLEMENTATIONS = YES;
				CLANG_WARN_DIRECT_OBJC_ISA_USAGE = YES;
				CLANG_WARN_EMPTY_BODY = YES;
				CLANG_WARN_ENUM_CONVERSION = YES;
				CLANG_WARN_IMPLICIT_SIGN_CONVERSION = YES;
				CLANG_WARN_INT_CONVERSION = YES;
				CLANG_WARN_OBJC_IMPLICIT_RETAIN_SELF = YES;
				CLANG_WARN_OBJC_ROOT_CLASS = YES;
				CLANG_WARN_SUSPICIOUS_IMPLICIT_CONVERSION = YES;
				"CODE_SIGN_IDENTITY[sdk=iphoneos*]" = "iPhone Developer";
				COPY_PHASE_STRIP = NO;
				ENABLE_NS_ASSERTIONS = NO;
				GCC_C_LANGUAGE_STANDARD = gnu99;
				GCC_WARN_64_TO_32_BIT_CONVERSION = YES;
				GCC_WARN_ABOUT_DEPRECATED_FUNCTIONS = YES;
				GCC_WARN_ABOUT_MISSING_FIELD_INITIALIZERS = YES;
				GCC_WARN_ABOUT_MISSING_NEWLINE = YES;
				GCC_WARN_ABOUT_RETURN_TYPE = YES;
				GCC_WARN_CHECK_SWITCH_STATEMENTS = YES;
				GCC_WARN_INITIALIZER_NOT_FULLY_BRACKETED = YES;
				GCC_WARN_MISSING_PARENTHESES = YES;
				GCC_WARN_SHADOW = YES;
				GCC_WARN_SIGN_COMPARE = YES;
				GCC_WARN_TYPECHECK_CALLS_TO_PRINTF = YES;
				GCC_WARN_UNDECLARED_SELECTOR = YES;
				GCC_WARN_UNINITIALIZED_AUTOS = YES;
				GCC_WARN_UNUSED_FUNCTION = YES;
				GCC_WARN_UNUSED_LABEL = YES;
				GCC_WARN_UNUSED_VALUE = YES;
				GCC_WARN_UNUSED_VARIABLE = YES;
				IPHONEOS_DEPLOYMENT_TARGET = 8.0;
				RUN_CLANG_STATIC_ANALYZER = YES;
				SDKROOT = iphoneos;
				VALIDATE_PRODUCT = YES;
			};
			name = Release;
		};
		61D99473EA8053C962C987E3 /* Release */ = {
			isa = XCBuildConfiguration;
			baseConfigurationReference = 140419B099542D42C2225688 /* Pods-unit_tests.release.xcconfig */;
			buildSettings = {
				BUNDLE_LOADER = "$(BUILT_PRODUCTS_DIR)/MovileProject.app/MovileProject";
				FRAMEWORK_SEARCH_PATHS = (
					"$(SDKROOT)/Developer/Library/Frameworks",
					"$(inherited)",
					"$(DEVELOPER_FRAMEWORKS_DIR)",
				);
				INFOPLIST_FILE = "UnitTests/Resources/UnitTests-Info.plist";
				PRODUCT_NAME = "$(TARGET_NAME)";
				SDKROOT = iphoneos;
				SKIP_INSTALL = YES;
				TEST_HOST = "$(BUNDLE_LOADER)";
				WRAPPER_EXTENSION = xctest;
			};
			name = Release;
		};
		62C9C3898A158E360E6D13E0 /* Debug */ = {
			isa = XCBuildConfiguration;
			buildSettings = {
				ALWAYS_SEARCH_USER_PATHS = NO;
				ASSETCATALOG_COMPILER_APPICON_NAME = AppIcon;
				CLANG_CXX_LANGUAGE_STANDARD = "gnu++0x";
				CLANG_CXX_LIBRARY = "libc++";
				CLANG_ENABLE_MODULES = YES;
				CLANG_ENABLE_OBJC_ARC = YES;
				CLANG_WARN_BOOL_CONVERSION = YES;
				CLANG_WARN_CONSTANT_CONVERSION = YES;
				CLANG_WARN_DEPRECATED_OBJC_IMPLEMENTATIONS = YES;
				CLANG_WARN_DIRECT_OBJC_ISA_USAGE = YES;
				CLANG_WARN_EMPTY_BODY = YES;
				CLANG_WARN_ENUM_CONVERSION = YES;
				CLANG_WARN_IMPLICIT_SIGN_CONVERSION = YES;
				CLANG_WARN_INT_CONVERSION = YES;
				CLANG_WARN_OBJC_IMPLICIT_RETAIN_SELF = YES;
				CLANG_WARN_OBJC_ROOT_CLASS = YES;
				CLANG_WARN_SUSPICIOUS_IMPLICIT_CONVERSION = YES;
				"CODE_SIGN_IDENTITY[sdk=iphoneos*]" = "iPhone Developer";
				COPY_PHASE_STRIP = YES;
				GCC_C_LANGUAGE_STANDARD = gnu99;
				GCC_DYNAMIC_NO_PIC = NO;
				GCC_OPTIMIZATION_LEVEL = 0;
				GCC_PREPROCESSOR_DEFINITIONS = (
					"DEBUG=1",
					"$(inherited)",
				);
				GCC_SYMBOLS_PRIVATE_EXTERN = NO;
				GCC_WARN_64_TO_32_BIT_CONVERSION = YES;
				GCC_WARN_ABOUT_DEPRECATED_FUNCTIONS = YES;
				GCC_WARN_ABOUT_MISSING_FIELD_INITIALIZERS = YES;
				GCC_WARN_ABOUT_MISSING_NEWLINE = YES;
				GCC_WARN_ABOUT_RETURN_TYPE = YES;
				GCC_WARN_CHECK_SWITCH_STATEMENTS = YES;
				GCC_WARN_INITIALIZER_NOT_FULLY_BRACKETED = YES;
				GCC_WARN_MISSING_PARENTHESES = YES;
				GCC_WARN_SHADOW = YES;
				GCC_WARN_SIGN_COMPARE = YES;
				GCC_WARN_TYPECHECK_CALLS_TO_PRINTF = YES;
				GCC_WARN_UNDECLARED_SELECTOR = YES;
				GCC_WARN_UNINITIALIZED_AUTOS = YES;
				GCC_WARN_UNUSED_FUNCTION = YES;
				GCC_WARN_UNUSED_LABEL = YES;
				GCC_WARN_UNUSED_VALUE = YES;
				GCC_WARN_UNUSED_VARIABLE = YES;
				IPHONEOS_DEPLOYMENT_TARGET = 8.0;
				ONLY_ACTIVE_ARCH = YES;
				RUN_CLANG_STATIC_ANALYZER = YES;
				SDKROOT = iphoneos;
			};
			name = Debug;
		};
		A27EA4D69976B7B23BD83955 /* Debug */ = {
			isa = XCBuildConfiguration;
			baseConfigurationReference = 95056266713F41CDBE0DCE2B /* Pods-unit_tests.debug.xcconfig */;
			buildSettings = {
				BUNDLE_LOADER = "$(BUILT_PRODUCTS_DIR)/MovileProject.app/MovileProject";
				FRAMEWORK_SEARCH_PATHS = (
					"$(SDKROOT)/Developer/Library/Frameworks",
					"$(inherited)",
					"$(DEVELOPER_FRAMEWORKS_DIR)",
				);
				INFOPLIST_FILE = "UnitTests/Resources/UnitTests-Info.plist";
				PRODUCT_NAME = "$(TARGET_NAME)";
				SDKROOT = iphoneos;
				SKIP_INSTALL = YES;
				TEST_HOST = "$(BUNDLE_LOADER)";
				WRAPPER_EXTENSION = xctest;
			};
			name = Debug;
		};
		AAD7FC6C5539B96B49ED95D2 /* Release */ = {
			isa = XCBuildConfiguration;
			baseConfigurationReference = 4170B3DD6FD1278D9F1245DA /* Pods-MovileProject.release.xcconfig */;
			buildSettings = {
				ALWAYS_SEARCH_USER_PATHS = NO;
				COPY_PHASE_STRIP = YES;
				DSTROOT = /tmp/xcodeproj.dst;
				GCC_PRECOMPILE_PREFIX_HEADER = YES;
				GCC_TREAT_WARNINGS_AS_ERRORS = YES;
				INFOPLIST_FILE = "MovileProject/Resources/Other-Sources/Info.plist";
				INSTALL_PATH = "$(BUILT_PRODUCTS_DIR)";
				LD_RUNPATH_SEARCH_PATHS = "$(inherited) @executable_path/Frameworks";
				OTHER_CFLAGS = (
					"-DNS_BLOCK_ASSERTIONS=1",
					"$(inherited)",
				);
				OTHER_CPLUSPLUSFLAGS = (
					"-DNS_BLOCK_ASSERTIONS=1",
					"$(inherited)",
				);
				PRODUCT_NAME = "$(TARGET_NAME)";
				PUBLIC_HEADERS_FOLDER_PATH = "$(TARGET_NAME)";
				SDKROOT = iphoneos;
				VALIDATE_PRODUCT = YES;
			};
			name = Release;
		};
		F90C40670CB68FF537ED999D /* Debug */ = {
			isa = XCBuildConfiguration;
			baseConfigurationReference = 352F9EEAFB387881A7907A14 /* Pods-MovileProject.debug.xcconfig */;
			buildSettings = {
				ALWAYS_SEARCH_USER_PATHS = NO;
				COPY_PHASE_STRIP = NO;
				DSTROOT = /tmp/xcodeproj.dst;
				GCC_DYNAMIC_NO_PIC = NO;
				GCC_OPTIMIZATION_LEVEL = 0;
				GCC_PRECOMPILE_PREFIX_HEADER = YES;
				GCC_PREPROCESSOR_DEFINITIONS = (
					"DEBUG=1",
					"$(inherited)",
				);
				GCC_SYMBOLS_PRIVATE_EXTERN = NO;
				INFOPLIST_FILE = "MovileProject/Resources/Other-Sources/Info.plist";
				INSTALL_PATH = "$(BUILT_PRODUCTS_DIR)";
				LD_RUNPATH_SEARCH_PATHS = "$(inherited) @executable_path/Frameworks";
				PRODUCT_NAME = "$(TARGET_NAME)";
				PUBLIC_HEADERS_FOLDER_PATH = "$(TARGET_NAME)";
				SDKROOT = iphoneos;
			};
			name = Debug;
		};
/* End XCBuildConfiguration section */

/* Begin XCConfigurationList section */
		31B815005DDBDBCCE4C85EA5 /* Build configuration list for PBXNativeTarget "UnitTests" */ = {
			isa = XCConfigurationList;
			buildConfigurations = (
				61D99473EA8053C962C987E3 /* Release */,
				A27EA4D69976B7B23BD83955 /* Debug */,
			);
			defaultConfigurationIsVisible = 0;
			defaultConfigurationName = Release;
		};
		4AF83221F2CB6EEA8DA64362 /* Build configuration list for PBXNativeTarget "MovileProject" */ = {
			isa = XCConfigurationList;
			buildConfigurations = (
				AAD7FC6C5539B96B49ED95D2 /* Release */,
				F90C40670CB68FF537ED999D /* Debug */,
			);
			defaultConfigurationIsVisible = 0;
			defaultConfigurationName = Release;
		};
		7C54013994AA990AFAB28FC5 /* Build configuration list for PBXProject "MovileProject" */ = {
			isa = XCConfigurationList;
			buildConfigurations = (
				62C9C3898A158E360E6D13E0 /* Debug */,
				4B5BE61256B158BAC14249D7 /* Release */,
			);
			defaultConfigurationIsVisible = 0;
			defaultConfigurationName = Release;
		};
/* End XCConfigurationList section */
	};
	rootObject = 3DCC0D9F5AF3BA0B5500B766 /* Project object */;
}
